
Microsoft Visual Studio Solution File, Format Version 12.00
# Visual Studio 14
VisualStudioVersion = 14.0.25420.1
MinimumVisualStudioVersion = 10.0.40219.1
Project("{FAE04EC0-301F-11D3-BF4B-00C04F79EFBC}") = "Pensieve", "Pensieve\Pensieve.csproj", "{D286E34D-A6E8-4409-B346-255B4D3FA97A}"
EndProject
Project("{FAE04EC0-301F-11D3-BF4B-00C04F79EFBC}") = "PensieveTest", "PensieveTest\PensieveTest.csproj", "{DC1D7B78-1F3E-428B-A4B8-BF92ADC8A6DD}"
EndProject
Global
	GlobalSection(SolutionConfigurationPlatforms) = preSolution
		Debug|Any CPU = Debug|Any CPU
		Release|Any CPU = Release|Any CPU
	EndGlobalSection
	GlobalSection(ProjectConfigurationPlatforms) = postSolution
		{D286E34D-A6E8-4409-B346-255B4D3FA97A}.Debug|Any CPU.ActiveCfg = Debug|Any CPU
		{D286E34D-A6E8-4409-B346-255B4D3FA97A}.Debug|Any CPU.Build.0 = Debug|Any CPU
		{D286E34D-A6E8-4409-B346-255B4D3FA97A}.Release|Any CPU.ActiveCfg = Release|Any CPU
		{D286E34D-A6E8-4409-B346-255B4D3FA97A}.Release|Any CPU.Build.0 = Release|Any CPU
		{DC1D7B78-1F3E-428B-A4B8-BF92ADC8A6DD}.Debug|Any CPU.ActiveCfg = Debug|Any CPU
		{DC1D7B78-1F3E-428B-A4B8-BF92ADC8A6DD}.Debug|Any CPU.Build.0 = Debug|Any CPU
		{DC1D7B78-1F3E-428B-A4B8-BF92ADC8A6DD}.Release|Any CPU.ActiveCfg = Release|Any CPU
		{DC1D7B78-1F3E-428B-A4B8-BF92ADC8A6DD}.Release|Any CPU.Build.0 = Release|Any CPU
	EndGlobalSection
	GlobalSection(SolutionProperties) = preSolution
		HideSolutionNode = FALSE
	EndGlobalSection
EndGlobal
